// !$*UTF8*$!
{
	archiveVersion = 1;
	classes = {
	};
	objectVersion = 56;
	objects = {

/* Begin PBXBuildFile section */
		6C073E0F2A7530440072A171 /* Item+CoreDataClass.swift in Sources */ = {isa = PBXBuildFile; fileRef = 6C073E0D2A7530440072A171 /* Item+CoreDataClass.swift */; };
		6C073E102A7530440072A171 /* Item+CoreDataProperties.swift in Sources */ = {isa = PBXBuildFile; fileRef = 6C073E0E2A7530440072A171 /* Item+CoreDataProperties.swift */; };
		6CDEEEB42A72D7AE00DE1E35 /* DevoteApp.swift in Sources */ = {isa = PBXBuildFile; fileRef = 6CDEEEB32A72D7AE00DE1E35 /* DevoteApp.swift */; };
		6CDEEEB62A72D7AE00DE1E35 /* ContentView.swift in Sources */ = {isa = PBXBuildFile; fileRef = 6CDEEEB52A72D7AE00DE1E35 /* ContentView.swift */; };
		6CDEEEB82A72D7AE00DE1E35 /* Assets.xcassets in Resources */ = {isa = PBXBuildFile; fileRef = 6CDEEEB72A72D7AE00DE1E35 /* Assets.xcassets */; };
		6CDEEEBB2A72D7AE00DE1E35 /* Preview Assets.xcassets in Resources */ = {isa = PBXBuildFile; fileRef = 6CDEEEBA2A72D7AE00DE1E35 /* Preview Assets.xcassets */; };
		6CDEEEBD2A72D7AE00DE1E35 /* Persistence.swift in Sources */ = {isa = PBXBuildFile; fileRef = 6CDEEEBC2A72D7AE00DE1E35 /* Persistence.swift */; };
		6CDEEEC02A72D7AE00DE1E35 /* Devote.xcdatamodeld in Sources */ = {isa = PBXBuildFile; fileRef = 6CDEEEBE2A72D7AE00DE1E35 /* Devote.xcdatamodeld */; };
		6CDEEEC72A72DB7400DE1E35 /* Sound in Resources */ = {isa = PBXBuildFile; fileRef = 6CDEEEC62A72DB7400DE1E35 /* Sound */; };
/* End PBXBuildFile section */

/* Begin PBXFileReference section */
		6C073E0D2A7530440072A171 /* Item+CoreDataClass.swift */ = {isa = PBXFileReference; lastKnownFileType = sourcecode.swift; path = "Item+CoreDataClass.swift"; sourceTree = "<group>"; };
		6C073E0E2A7530440072A171 /* Item+CoreDataProperties.swift */ = {isa = PBXFileReference; lastKnownFileType = sourcecode.swift; path = "Item+CoreDataProperties.swift"; sourceTree = "<group>"; };
		6CDEEEB02A72D7AE00DE1E35 /* Devote.app */ = {isa = PBXFileReference; explicitFileType = wrapper.application; includeInIndex = 0; path = Devote.app; sourceTree = BUILT_PRODUCTS_DIR; };
		6CDEEEB32A72D7AE00DE1E35 /* DevoteApp.swift */ = {isa = PBXFileReference; lastKnownFileType = sourcecode.swift; path = DevoteApp.swift; sourceTree = "<group>"; };
		6CDEEEB52A72D7AE00DE1E35 /* ContentView.swift */ = {isa = PBXFileReference; lastKnownFileType = sourcecode.swift; path = ContentView.swift; sourceTree = "<group>"; };
		6CDEEEB72A72D7AE00DE1E35 /* Assets.xcassets */ = {isa = PBXFileReference; lastKnownFileType = folder.assetcatalog; path = Assets.xcassets; sourceTree = "<group>"; };
		6CDEEEBA2A72D7AE00DE1E35 /* Preview Assets.xcassets */ = {isa = PBXFileReference; lastKnownFileType = folder.assetcatalog; path = "Preview Assets.xcassets"; sourceTree = "<group>"; };
		6CDEEEBC2A72D7AE00DE1E35 /* Persistence.swift */ = {isa = PBXFileReference; lastKnownFileType = sourcecode.swift; path = Persistence.swift; sourceTree = "<group>"; };
		6CDEEEBF2A72D7AE00DE1E35 /* Devote.xcdatamodel */ = {isa = PBXFileReference; lastKnownFileType = wrapper.xcdatamodel; path = Devote.xcdatamodel; sourceTree = "<group>"; };
		6CDEEEC62A72DB7400DE1E35 /* Sound */ = {isa = PBXFileReference; lastKnownFileType = folder; path = Sound; sourceTree = "<group>"; };
		6CDEEECD2A72DCAA00DE1E35 /* Info.plist */ = {isa = PBXFileReference; lastKnownFileType = text.plist; path = Info.plist; sourceTree = "<group>"; };
/* End PBXFileReference section */

/* Begin PBXFrameworksBuildPhase section */
		6CDEEEAD2A72D7AE00DE1E35 /* Frameworks */ = {
			isa = PBXFrameworksBuildPhase;
			buildActionMask = 2147483647;
			files = (
			);
			runOnlyForDeploymentPostprocessing = 0;
		};
/* End PBXFrameworksBuildPhase section */

/* Begin PBXGroup section */
		6CDEEEA72A72D7AD00DE1E35 = {
			isa = PBXGroup;
			children = (
				6C073E0D2A7530440072A171 /* Item+CoreDataClass.swift */,
				6C073E0E2A7530440072A171 /* Item+CoreDataProperties.swift */,
				6CDEEEB22A72D7AE00DE1E35 /* Devote */,
				6CDEEEB12A72D7AE00DE1E35 /* Products */,
			);
			sourceTree = "<group>";
		};
		6CDEEEB12A72D7AE00DE1E35 /* Products */ = {
			isa = PBXGroup;
			children = (
				6CDEEEB02A72D7AE00DE1E35 /* Devote.app */,
			);
			name = Products;
			sourceTree = "<group>";
		};
		6CDEEEB22A72D7AE00DE1E35 /* Devote */ = {
			isa = PBXGroup;
			children = (
				6CDEEECD2A72DCAA00DE1E35 /* Info.plist */,
				6CDEEEC82A72DBA400DE1E35 /* View */,
				6CDEEECB2A72DBF000DE1E35 /* Style */,
				6CDEEECA2A72DBE100DE1E35 /* Utility */,
				6CDEEEC92A72DBC500DE1E35 /* Extension */,
				6CDEEEB32A72D7AE00DE1E35 /* DevoteApp.swift */,
				6CDEEEB72A72D7AE00DE1E35 /* Assets.xcassets */,
				6CDEEEC62A72DB7400DE1E35 /* Sound */,
				6CDEEECC2A72DC2900DE1E35 /* Model */,
				6CDEEEB92A72D7AE00DE1E35 /* Preview Content */,
			);
			path = Devote;
			sourceTree = "<group>";
		};
		6CDEEEB92A72D7AE00DE1E35 /* Preview Content */ = {
			isa = PBXGroup;
			children = (
				6CDEEEBA2A72D7AE00DE1E35 /* Preview Assets.xcassets */,
			);
			path = "Preview Content";
			sourceTree = "<group>";
		};
		6CDEEEC82A72DBA400DE1E35 /* View */ = {
			isa = PBXGroup;
			children = (
				6CDEEEB52A72D7AE00DE1E35 /* ContentView.swift */,
			);
			path = View;
			sourceTree = "<group>";
		};
		6CDEEEC92A72DBC500DE1E35 /* Extension */ = {
			isa = PBXGroup;
			children = (
			);
			path = Extension;
			sourceTree = "<group>";
		};
		6CDEEECA2A72DBE100DE1E35 /* Utility */ = {
			isa = PBXGroup;
			children = (
			);
			path = Utility;
			sourceTree = "<group>";
		};
		6CDEEECB2A72DBF000DE1E35 /* Style */ = {
			isa = PBXGroup;
			children = (
			);
			path = Style;
			sourceTree = "<group>";
		};
		6CDEEECC2A72DC2900DE1E35 /* Model */ = {
			isa = PBXGroup;
			children = (
				6CDEEEBC2A72D7AE00DE1E35 /* Persistence.swift */,
				6CDEEEBE2A72D7AE00DE1E35 /* Devote.xcdatamodeld */,
			);
			path = Model;
			sourceTree = "<group>";
		};
/* End PBXGroup section */

/* Begin PBXNativeTarget section */
		6CDEEEAF2A72D7AE00DE1E35 /* Devote */ = {
			isa = PBXNativeTarget;
			buildConfigurationList = 6CDEEEC32A72D7AE00DE1E35 /* Build configuration list for PBXNativeTarget "Devote" */;
			buildPhases = (
				6CDEEEAC2A72D7AE00DE1E35 /* Sources */,
				6CDEEEAD2A72D7AE00DE1E35 /* Frameworks */,
				6CDEEEAE2A72D7AE00DE1E35 /* Resources */,
			);
			buildRules = (
			);
			dependencies = (
			);
			name = Devote;
			productName = Devote;
			productReference = 6CDEEEB02A72D7AE00DE1E35 /* Devote.app */;
			productType = "com.apple.product-type.application";
		};
/* End PBXNativeTarget section */

/* Begin PBXProject section */
		6CDEEEA82A72D7AD00DE1E35 /* Project object */ = {
			isa = PBXProject;
			attributes = {
				BuildIndependentTargetsInParallel = 1;
				LastSwiftUpdateCheck = 1430;
				LastUpgradeCheck = 1430;
				TargetAttributes = {
					6CDEEEAF2A72D7AE00DE1E35 = {
						CreatedOnToolsVersion = 14.3.1;
					};
				};
			};
			buildConfigurationList = 6CDEEEAB2A72D7AD00DE1E35 /* Build configuration list for PBXProject "Devote" */;
			compatibilityVersion = "Xcode 14.0";
			developmentRegion = en;
			hasScannedForEncodings = 0;
			knownRegions = (
				en,
				Base,
			);
			mainGroup = 6CDEEEA72A72D7AD00DE1E35;
			productRefGroup = 6CDEEEB12A72D7AE00DE1E35 /* Products */;
			projectDirPath = "";
			projectRoot = "";
			targets = (
				6CDEEEAF2A72D7AE00DE1E35 /* Devote */,
			);
		};
/* End PBXProject section */

/* Begin PBXResourcesBuildPhase section */
		6CDEEEAE2A72D7AE00DE1E35 /* Resources */ = {
			isa = PBXResourcesBuildPhase;
			buildActionMask = 2147483647;
			files = (
				6CDEEEC72A72DB7400DE1E35 /* Sound in Resources */,
				6CDEEEBB2A72D7AE00DE1E35 /* Preview Assets.xcassets in Resources */,
				6CDEEEB82A72D7AE00DE1E35 /* Assets.xcassets in Resources */,
			);
			runOnlyForDeploymentPostprocessing = 0;
		};
/* End PBXResourcesBuildPhase section */

/* Begin PBXSourcesBuildPhase section */
		6CDEEEAC2A72D7AE00DE1E35 /* Sources */ = {
			isa = PBXSourcesBuildPhase;
			buildActionMask = 2147483647;
			files = (
				6C073E102A7530440072A171 /* Item+CoreDataProperties.swift in Sources */,
				6C073E0F2A7530440072A171 /* Item+CoreDataClass.swift in Sources */,
				6CDEEEBD2A72D7AE00DE1E35 /* Persistence.swift in Sources */,
				6CDEEEB62A72D7AE00DE1E35 /* ContentView.swift in Sources */,
				6CDEEEC02A72D7AE00DE1E35 /* Devote.xcdatamodeld in Sources */,
				6CDEEEB42A72D7AE00DE1E35 /* DevoteApp.swift in Sources */,
			);
			runOnlyForDeploymentPostprocessing = 0;
		};
/* End PBXSourcesBuildPhase section */

/* Begin XCBuildConfiguration section */
		6CDEEEC12A72D7AE00DE1E35 /* Debug */ = {
			isa = XCBuildConfiguration;
			buildSettings = {
				ALWAYS_SEARCH_USER_PATHS = NO;
				CLANG_ANALYZER_NONNULL = YES;
				CLANG_ANALYZER_NUMBER_OBJECT_CONVERSION = YES_AGGRESSIVE;
				CLANG_CXX_LANGUAGE_STANDARD = "gnu++20";
				CLANG_ENABLE_MODULES = YES;
				CLANG_ENABLE_OBJC_ARC = YES;
				CLANG_ENABLE_OBJC_WEAK = YES;
				CLANG_WARN_BLOCK_CAPTURE_AUTORELEASING = YES;
				CLANG_WARN_BOOL_CONVERSION = YES;
				CLANG_WARN_COMMA = YES;
				CLANG_WARN_CONSTANT_CONVERSION = YES;
				CLANG_WARN_DEPRECATED_OBJC_IMPLEMENTATIONS = YES;
				CLANG_WARN_DIRECT_OBJC_ISA_USAGE = YES_ERROR;
				CLANG_WARN_DOCUMENTATION_COMMENTS = YES;
				CLANG_WARN_EMPTY_BODY = YES;
				CLANG_WARN_ENUM_CONVERSION = YES;
				CLANG_WARN_INFINITE_RECURSION = YES;
				CLANG_WARN_INT_CONVERSION = YES;
				CLANG_WARN_NON_LITERAL_NULL_CONVERSION = YES;
				CLANG_WARN_OBJC_IMPLICIT_RETAIN_SELF = YES;
				CLANG_WARN_OBJC_LITERAL_CONVERSION = YES;
				CLANG_WARN_OBJC_ROOT_CLASS = YES_ERROR;
				CLANG_WARN_QUOTED_INCLUDE_IN_FRAMEWORK_HEADER = YES;
				CLANG_WARN_RANGE_LOOP_ANALYSIS = YES;
				CLANG_WARN_STRICT_PROTOTYPES = YES;
				CLANG_WARN_SUSPICIOUS_MOVE = YES;
				CLANG_WARN_UNGUARDED_AVAILABILITY = YES_AGGRESSIVE;
				CLANG_WARN_UNREACHABLE_CODE = YES;
				CLANG_WARN__DUPLICATE_METHOD_MATCH = YES;
				COPY_PHASE_STRIP = NO;
				DEBUG_INFORMATION_FORMAT = dwarf;
				ENABLE_STRICT_OBJC_MSGSEND = YES;
				ENABLE_TESTABILITY = YES;
				GCC_C_LANGUAGE_STANDARD = gnu11;
				GCC_DYNAMIC_NO_PIC = NO;
				GCC_NO_COMMON_BLOCKS = YES;
				GCC_OPTIMIZATION_LEVEL = 0;
				GCC_PREPROCESSOR_DEFINITIONS = (
					"DEBUG=1",
					"$(inherited)",
				);
				GCC_WARN_64_TO_32_BIT_CONVERSION = YES;
				GCC_WARN_ABOUT_RETURN_TYPE = YES_ERROR;
				GCC_WARN_UNDECLARED_SELECTOR = YES;
				GCC_WARN_UNINITIALIZED_AUTOS = YES_AGGRESSIVE;
				GCC_WARN_UNUSED_FUNCTION = YES;
				GCC_WARN_UNUSED_VARIABLE = YES;
				IPHONEOS_DEPLOYMENT_TARGET = 16.4;
				MTL_ENABLE_DEBUG_INFO = INCLUDE_SOURCE;
				MTL_FAST_MATH = YES;
				ONLY_ACTIVE_ARCH = YES;
				SDKROOT = iphoneos;
				SWIFT_ACTIVE_COMPILATION_CONDITIONS = DEBUG;
				SWIFT_OPTIMIZATION_LEVEL = "-Onone";
			};
			name = Debug;
		};
		6CDEEEC22A72D7AE00DE1E35 /* Release */ = {
			isa = XCBuildConfiguration;
			buildSettings = {
				ALWAYS_SEARCH_USER_PATHS = NO;
				CLANG_ANALYZER_NONNULL = YES;
				CLANG_ANALYZER_NUMBER_OBJECT_CONVERSION = YES_AGGRESSIVE;
				CLANG_CXX_LANGUAGE_STANDARD = "gnu++20";
				CLANG_ENABLE_MODULES = YES;
				CLANG_ENABLE_OBJC_ARC = YES;
				CLANG_ENABLE_OBJC_WEAK = YES;
				CLANG_WARN_BLOCK_CAPTURE_AUTORELEASING = YES;
				CLANG_WARN_BOOL_CONVERSION = YES;
				CLANG_WARN_COMMA = YES;
				CLANG_WARN_CONSTANT_CONVERSION = YES;
				CLANG_WARN_DEPRECATED_OBJC_IMPLEMENTATIONS = YES;
				CLANG_WARN_DIRECT_OBJC_ISA_USAGE = YES_ERROR;
				CLANG_WARN_DOCUMENTATION_COMMENTS = YES;
				CLANG_WARN_EMPTY_BODY = YES;
				CLANG_WARN_ENUM_CONVERSION = YES;
				CLANG_WARN_INFINITE_RECURSION = YES;
				CLANG_WARN_INT_CONVERSION = YES;
				CLANG_WARN_NON_LITERAL_NULL_CONVERSION = YES;
				CLANG_WARN_OBJC_IMPLICIT_RETAIN_SELF = YES;
				CLANG_WARN_OBJC_LITERAL_CONVERSION = YES;
				CLANG_WARN_OBJC_ROOT_CLASS = YES_ERROR;
				CLANG_WARN_QUOTED_INCLUDE_IN_FRAMEWORK_HEADER = YES;
				CLANG_WARN_RANGE_LOOP_ANALYSIS = YES;
				CLANG_WARN_STRICT_PROTOTYPES = YES;
				CLANG_WARN_SUSPICIOUS_MOVE = YES;
				CLANG_WARN_UNGUARDED_AVAILABILITY = YES_AGGRESSIVE;
				CLANG_WARN_UNREACHABLE_CODE = YES;
				CLANG_WARN__DUPLICATE_METHOD_MATCH = YES;
				COPY_PHASE_STRIP = NO;
				DEBUG_INFORMATION_FORMAT = "dwarf-with-dsym";
				ENABLE_NS_ASSERTIONS = NO;
				ENABLE_STRICT_OBJC_MSGSEND = YES;
				GCC_C_LANGUAGE_STANDARD = gnu11;
				GCC_NO_COMMON_BLOCKS = YES;
				GCC_WARN_64_TO_32_BIT_CONVERSION = YES;
				GCC_WARN_ABOUT_RETURN_TYPE = YES_ERROR;
				GCC_WARN_UNDECLARED_SELECTOR = YES;
				GCC_WARN_UNINITIALIZED_AUTOS = YES_AGGRESSIVE;
				GCC_WARN_UNUSED_FUNCTION = YES;
				GCC_WARN_UNUSED_VARIABLE = YES;
				IPHONEOS_DEPLOYMENT_TARGET = 16.4;
				MTL_ENABLE_DEBUG_INFO = NO;
				MTL_FAST_MATH = YES;
				SDKROOT = iphoneos;
				SWIFT_COMPILATION_MODE = wholemodule;
				SWIFT_OPTIMIZATION_LEVEL = "-O";
				VALIDATE_PRODUCT = YES;
			};
			name = Release;
		};
		6CDEEEC42A72D7AE00DE1E35 /* Debug */ = {
			isa = XCBuildConfiguration;
			buildSettings = {
				ASSETCATALOG_COMPILER_APPICON_NAME = AppIcon;
				ASSETCATALOG_COMPILER_GLOBAL_ACCENT_COLOR_NAME = AccentColor;
				CODE_SIGN_STYLE = Automatic;
				CURRENT_PROJECT_VERSION = 1;
				DEVELOPMENT_ASSET_PATHS = "\"Devote/Preview Content\"";
				DEVELOPMENT_TEAM = 72XAQDS67T;
				ENABLE_PREVIEWS = YES;
				GENERATE_INFOPLIST_FILE = YES;
				INFOPLIST_FILE = Devote/Info.plist;
				INFOPLIST_KEY_UIApplicationSceneManifest_Generation = YES;
				INFOPLIST_KEY_UIApplicationSupportsIndirectInputEvents = YES;
				INFOPLIST_KEY_UISupportedInterfaceOrientations = UIInterfaceOrientationPortrait;
				INFOPLIST_KEY_UISupportedInterfaceOrientations_iPad = "UIInterfaceOrientationLandscapeLeft UIInterfaceOrientationLandscapeRight UIInterfaceOrientationPortrait UIInterfaceOrientationPortraitUpsideDown";
				LD_RUNPATH_SEARCH_PATHS = (
					"$(inherited)",
					"@executable_path/Frameworks",
				);
				MARKETING_VERSION = 1.0;
				PRODUCT_BUNDLE_IDENTIFIER = com.tacettin.Devote;
				PRODUCT_NAME = "$(TARGET_NAME)";
				SWIFT_EMIT_LOC_STRINGS = YES;
				SWIFT_VERSION = 5.0;
				TARGETED_DEVICE_FAMILY = "1,2";
			};
			name = Debug;
		};
		6CDEEEC52A72D7AE00DE1E35 /* Release */ = {
			isa = XCBuildConfiguration;
			buildSettings = {
				ASSETCATALOG_COMPILER_APPICON_NAME = AppIcon;
				ASSETCATALOG_COMPILER_GLOBAL_ACCENT_COLOR_NAME = AccentColor;
				CODE_SIGN_STYLE = Automatic;
				CURRENT_PROJECT_VERSION = 1;
				DEVELOPMENT_ASSET_PATHS = "\"Devote/Preview Content\"";
				DEVELOPMENT_TEAM = 72XAQDS67T;
				ENABLE_PREVIEWS = YES;
				GENERATE_INFOPLIST_FILE = YES;
				INFOPLIST_FILE = Devote/Info.plist;
				INFOPLIST_KEY_UIApplicationSceneManifest_Generation = YES;
				INFOPLIST_KEY_UIApplicationSupportsIndirectInputEvents = YES;
				INFOPLIST_KEY_UISupportedInterfaceOrientations = UIInterfaceOrientationPortrait;
				INFOPLIST_KEY_UISupportedInterfaceOrientations_iPad = "UIInterfaceOrientationLandscapeLeft UIInterfaceOrientationLandscapeRight UIInterfaceOrientationPortrait UIInterfaceOrientationPortraitUpsideDown";
				LD_RUNPATH_SEARCH_PATHS = (
					"$(inherited)",
					"@executable_path/Frameworks",
				);
				MARKETING_VERSION = 1.0;
				PRODUCT_BUNDLE_IDENTIFIER = com.tacettin.Devote;
				PRODUCT_NAME = "$(TARGET_NAME)";
				SWIFT_EMIT_LOC_STRINGS = YES;
				SWIFT_VERSION = 5.0;
				TARGETED_DEVICE_FAMILY = "1,2";
			};
			name = Release;
		};
/* End XCBuildConfiguration section */

/* Begin XCConfigurationList section */
		6CDEEEAB2A72D7AD00DE1E35 /* Build configuration list for PBXProject "Devote" */ = {
			isa = XCConfigurationList;
			buildConfigurations = (
				6CDEEEC12A72D7AE00DE1E35 /* Debug */,
				6CDEEEC22A72D7AE00DE1E35 /* Release */,
			);
			defaultConfigurationIsVisible = 0;
			defaultConfigurationName = Release;
		};
		6CDEEEC32A72D7AE00DE1E35 /* Build configuration list for PBXNativeTarget "Devote" */ = {
			isa = XCConfigurationList;
			buildConfigurations = (
				6CDEEEC42A72D7AE00DE1E35 /* Debug */,
				6CDEEEC52A72D7AE00DE1E35 /* Release */,
			);
			defaultConfigurationIsVisible = 0;
			defaultConfigurationName = Release;
		};
/* End XCConfigurationList section */

/* Begin XCVersionGroup section */
		6CDEEEBE2A72D7AE00DE1E35 /* Devote.xcdatamodeld */ = {
			isa = XCVersionGroup;
			children = (
				6CDEEEBF2A72D7AE00DE1E35 /* Devote.xcdatamodel */,
			);
			currentVersion = 6CDEEEBF2A72D7AE00DE1E35 /* Devote.xcdatamodel */;
			path = Devote.xcdatamodeld;
			sourceTree = "<group>";
			versionGroupType = wrapper.xcdatamodel;
		};
/* End XCVersionGroup section */
	};
	rootObject = 6CDEEEA82A72D7AD00DE1E35 /* Project object */;
}
